# This file is generated by running "yarn install" inside your project.
# Manual changes might be lost - proceed with caution!

__metadata:
  version: 8
  cacheKey: 10c0

"@babel/runtime@npm:^7.1.2, @babel/runtime@npm:^7.12.0, @babel/runtime@npm:^7.23.2, @babel/runtime@npm:^7.27.6, @babel/runtime@npm:^7.29.2":
  version: 7.29.2
  resolution: "@babel/runtime@npm:7.29.2"
  checksum: 10c0/30b80a0140d16467792e1bbeb06f655b0dab70407da38dfac7fedae9c859f9ae9d846ef14ad77bd3814c064295fe9b1bc551f1541ea14646ae9f22b71a8bc17a
  languageName: node
  linkType: hard

"@braintree/sanitize-url@npm:7.0.1":
  version: 7.0.1
  resolution: "@braintree/sanitize-url@npm:7.0.1"
  checksum: 10c0/d849b93f494aef173c5c1d419c1ad0851e9119e038dcc331155ffcf5f6e9c02cf3de8e571fbf91e042337e0890bf1ee0474896cd043c050f3b0be0c6d9af5176
  languageName: node
  linkType: hard

"@emnapi/core@npm:1.10.0":
  version: 1.10.0
  resolution: "@emnapi/core@npm:1.10.0"
  dependencies:
    "@emnapi/wasi-threads": "npm:1.2.1"
    tslib: "npm:^2.4.0"
  checksum: 10c0/f51d08227857b60632de7714d708124f0e100a1462dde6df8221760939aa3204a73193830371830fac0716f3ccd2129f2cac1b17cd7d7958bc4da9018a296edb
  languageName: node
  linkType: hard